// !$*UTF8*$!
{
	archiveVersion = 1;
	classes = {
	};
	objectVersion = 46;
	objects = {

/* Begin PBXBuildFile section */
		80C6E7FC554EE698262759AA /* Pods_MarvelHeroes.framework in Frameworks */ = {isa = PBXBuildFile; fileRef = 375F1E5DD49403CCB7BBD53F /* Pods_MarvelHeroes.framework */; };
		8BFEF4CA1ED2067400D407DD /* AppDelegate.swift in Sources */ = {isa = PBXBuildFile; fileRef = 8BFEF4C91ED2067400D407DD /* AppDelegate.swift */; };
		8BFEF4CC1ED2067400D407DD /* ViewController.swift in Sources */ = {isa = PBXBuildFile; fileRef = 8BFEF4CB1ED2067400D407DD /* ViewController.swift */; };
		8BFEF4CF1ED2067400D407DD /* Main.storyboard in Resources */ = {isa = PBXBuildFile; fileRef = 8BFEF4CD1ED2067400D407DD /* Main.storyboard */; };
		8BFEF4D21ED2067400D407DD /* MarvelHeroes.xcdatamodeld in Sources */ = {isa = PBXBuildFile; fileRef = 8BFEF4D01ED2067400D407DD /* MarvelHeroes.xcdatamodeld */; };
		8BFEF4D41ED2067400D407DD /* Assets.xcassets in Resources */ = {isa = PBXBuildFile; fileRef = 8BFEF4D31ED2067400D407DD /* Assets.xcassets */; };
		8BFEF4D71ED2067400D407DD /* LaunchScreen.storyboard in Resources */ = {isa = PBXBuildFile; fileRef = 8BFEF4D51ED2067400D407DD /* LaunchScreen.storyboard */; };
		8BFEF4E01ED20B1E00D407DD /* HeroesService.swift in Sources */ = {isa = PBXBuildFile; fileRef = 8BFEF4DF1ED20B1E00D407DD /* HeroesService.swift */; };
		8BFEF4E21ED20C4500D407DD /* MarvelAPIInfo.plist in Resources */ = {isa = PBXBuildFile; fileRef = 8BFEF4E11ED20C4500D407DD /* MarvelAPIInfo.plist */; };
/* End PBXBuildFile section */

/* Begin PBXFileReference section */
		375F1E5DD49403CCB7BBD53F /* Pods_MarvelHeroes.framework */ = {isa = PBXFileReference; explicitFileType = wrapper.framework; includeInIndex = 0; path = Pods_MarvelHeroes.framework; sourceTree = BUILT_PRODUCTS_DIR; };
		8BFEF4C61ED2067400D407DD /* MarvelHeroes.app */ = {isa = PBXFileReference; explicitFileType = wrapper.application; includeInIndex = 0; path = MarvelHeroes.app; sourceTree = BUILT_PRODUCTS_DIR; };
		8BFEF4C91ED2067400D407DD /* AppDelegate.swift */ = {isa = PBXFileReference; lastKnownFileType = sourcecode.swift; path = AppDelegate.swift; sourceTree = "<group>"; };
		8BFEF4CB1ED2067400D407DD /* ViewController.swift */ = {isa = PBXFileReference; lastKnownFileType = sourcecode.swift; path = ViewController.swift; sourceTree = "<group>"; };
		8BFEF4CE1ED2067400D407DD /* Base */ = {isa = PBXFileReference; lastKnownFileType = file.storyboard; name = Base; path = Base.lproj/Main.storyboard; sourceTree = "<group>"; };
		8BFEF4D11ED2067400D407DD /* MarvelHeroes.xcdatamodel */ = {isa = PBXFileReference; lastKnownFileType = wrapper.xcdatamodel; path = MarvelHeroes.xcdatamodel; sourceTree = "<group>"; };
		8BFEF4D31ED2067400D407DD /* Assets.xcassets */ = {isa = PBXFileReference; lastKnownFileType = folder.assetcatalog; path = Assets.xcassets; sourceTree = "<group>"; };
		8BFEF4D61ED2067400D407DD /* Base */ = {isa = PBXFileReference; lastKnownFileType = file.storyboard; name = Base; path = Base.lproj/LaunchScreen.storyboard; sourceTree = "<group>"; };
		8BFEF4D81ED2067400D407DD /* Info.plist */ = {isa = PBXFileReference; lastKnownFileType = text.plist.xml; path = Info.plist; sourceTree = "<group>"; };
		8BFEF4DF1ED20B1E00D407DD /* HeroesService.swift */ = {isa = PBXFileReference; fileEncoding = 4; lastKnownFileType = sourcecode.swift; path = HeroesService.swift; sourceTree = "<group>"; };
		8BFEF4E11ED20C4500D407DD /* MarvelAPIInfo.plist */ = {isa = PBXFileReference; fileEncoding = 4; lastKnownFileType = text.plist.xml; path = MarvelAPIInfo.plist; sourceTree = "<group>"; };
		D1826AAED7A9E80CE78A9ECE /* Pods-MarvelHeroes.release.xcconfig */ = {isa = PBXFileReference; includeInIndex = 1; lastKnownFileType = text.xcconfig; name = "Pods-MarvelHeroes.release.xcconfig"; path = "Pods/Target Support Files/Pods-MarvelHeroes/Pods-MarvelHeroes.release.xcconfig"; sourceTree = "<group>"; };
		E96FBF30894F4AE39224293D /* Pods-MarvelHeroes.debug.xcconfig */ = {isa = PBXFileReference; includeInIndex = 1; lastKnownFileType = text.xcconfig; name = "Pods-MarvelHeroes.debug.xcconfig"; path = "Pods/Target Support Files/Pods-MarvelHeroes/Pods-MarvelHeroes.debug.xcconfig"; sourceTree = "<group>"; };
/* End PBXFileReference section */

/* Begin PBXFrameworksBuildPhase section */
		8BFEF4C31ED2067400D407DD /* Frameworks */ = {
			isa = PBXFrameworksBuildPhase;
			buildActionMask = 2147483647;
			files = (
				80C6E7FC554EE698262759AA /* Pods_MarvelHeroes.framework in Frameworks */,
			);
			runOnlyForDeploymentPostprocessing = 0;
		};
/* End PBXFrameworksBuildPhase section */

/* Begin PBXGroup section */
		18B2E0154BC5C1730EC1DBC6 /* Pods */ = {
			isa = PBXGroup;
			children = (
				E96FBF30894F4AE39224293D /* Pods-MarvelHeroes.debug.xcconfig */,
				D1826AAED7A9E80CE78A9ECE /* Pods-MarvelHeroes.release.xcconfig */,
			);
			name = Pods;
			sourceTree = "<group>";
		};
		8BFEF4BD1ED2067300D407DD = {
			isa = PBXGroup;
			children = (
				8BFEF4C81ED2067400D407DD /* MarvelHeroes */,
				8BFEF4C71ED2067400D407DD /* Products */,
				18B2E0154BC5C1730EC1DBC6 /* Pods */,
				A8E5A7250C7D50655A693B2D /* Frameworks */,
			);
			sourceTree = "<group>";
		};
		8BFEF4C71ED2067400D407DD /* Products */ = {
			isa = PBXGroup;
			children = (
				8BFEF4C61ED2067400D407DD /* MarvelHeroes.app */,
			);
			name = Products;
			sourceTree = "<group>";
		};
		8BFEF4C81ED2067400D407DD /* MarvelHeroes */ = {
			isa = PBXGroup;
			children = (
				8BFEF4DE1ED20B0A00D407DD /* Services */,
				8BFEF4C91ED2067400D407DD /* AppDelegate.swift */,
				8BFEF4CB1ED2067400D407DD /* ViewController.swift */,
				8BFEF4CD1ED2067400D407DD /* Main.storyboard */,
				8BFEF4D31ED2067400D407DD /* Assets.xcassets */,
				8BFEF4D51ED2067400D407DD /* LaunchScreen.storyboard */,
				8BFEF4D81ED2067400D407DD /* Info.plist */,
				8BFEF4D01ED2067400D407DD /* MarvelHeroes.xcdatamodeld */,
			);
			path = MarvelHeroes;
			sourceTree = "<group>";
		};
		8BFEF4DE1ED20B0A00D407DD /* Services */ = {
			isa = PBXGroup;
			children = (
				8BFEF4DF1ED20B1E00D407DD /* HeroesService.swift */,
				8BFEF4E11ED20C4500D407DD /* MarvelAPIInfo.plist */,
			);
			name = Services;
			sourceTree = "<group>";
		};
		A8E5A7250C7D50655A693B2D /* Frameworks */ = {
			isa = PBXGroup;
			children = (
				375F1E5DD49403CCB7BBD53F /* Pods_MarvelHeroes.framework */,
			);
			name = Frameworks;
			sourceTree = "<group>";
		};
/* End PBXGroup section */

/* Begin PBXNativeTarget section */
		8BFEF4C51ED2067400D407DD /* MarvelHeroes */ = {
			isa = PBXNativeTarget;
			buildConfigurationList = 8BFEF4DB1ED2067400D407DD /* Build configuration list for PBXNativeTarget "MarvelHeroes" */;
			buildPhases = (
				9077FC0CD07712B9676C99AF /* [CP] Check Pods Manifest.lock */,
				8BFEF4C21ED2067400D407DD /* Sources */,
				8BFEF4C31ED2067400D407DD /* Frameworks */,
				8BFEF4C41ED2067400D407DD /* Resources */,
				53B225988853239FACC284AB /* [CP] Embed Pods Frameworks */,
				93CAD57AD5BEC264FC9FD595 /* [CP] Copy Pods Resources */,
			);
			buildRules = (
			);
			dependencies = (
			);
			name = MarvelHeroes;
			productName = MarvelHeroes;
			productReference = 8BFEF4C61ED2067400D407DD /* MarvelHeroes.app */;
			productType = "com.apple.product-type.application";
		};
/* End PBXNativeTarget section */

/* Begin PBXProject section */
		8BFEF4BE1ED2067300D407DD /* Project object */ = {
			isa = PBXProject;
			attributes = {
				LastSwiftUpdateCheck = 0820;
				LastUpgradeCheck = 0820;
				ORGANIZATIONNAME = "Aina Cuxart";
				TargetAttributes = {
					8BFEF4C51ED2067400D407DD = {
						CreatedOnToolsVersion = 8.2.1;
						DevelopmentTeam = 65883K39JU;
						ProvisioningStyle = Automatic;
					};
				};
			};
			buildConfigurationList = 8BFEF4C11ED2067300D407DD /* Build configuration list for PBXProject "MarvelHeroes" */;
			compatibilityVersion = "Xcode 3.2";
			developmentRegion = English;
			hasScannedForEncodings = 0;
			knownRegions = (
				en,
				Base,
			);
			mainGroup = 8BFEF4BD1ED2067300D407DD;
			productRefGroup = 8BFEF4C71ED2067400D407DD /* Products */;
			projectDirPath = "";
			projectRoot = "";
			targets = (
				8BFEF4C51ED2067400D407DD /* MarvelHeroes */,
			);
		};
/* End PBXProject section */

/* Begin PBXResourcesBuildPhase section */
		8BFEF4C41ED2067400D407DD /* Resources */ = {
			isa = PBXResourcesBuildPhase;
			buildActionMask = 2147483647;
			files = (
				8BFEF4D71ED2067400D407DD /* LaunchScreen.storyboard in Resources */,
				8BFEF4D41ED2067400D407DD /* Assets.xcassets in Resources */,
				8BFEF4E21ED20C4500D407DD /* MarvelAPIInfo.plist in Resources */,
				8BFEF4CF1ED2067400D407DD /* Main.storyboard in Resources */,
			);
			runOnlyForDeploymentPostprocessing = 0;
		};
/* End PBXResourcesBuildPhase section */

/* Begin PBXShellScriptBuildPhase section */
		53B225988853239FACC284AB /* [CP] Embed Pods Frameworks */ = {
			isa = PBXShellScriptBuildPhase;
			buildActionMask = 2147483647;
			files = (
			);
			inputPaths = (
			);
			name = "[CP] Embed Pods Frameworks";
			outputPaths = (
			);
			runOnlyForDeploymentPostprocessing = 0;
			shellPath = /bin/sh;
			shellScript = "\"${SRCROOT}/Pods/Target Support Files/Pods-MarvelHeroes/Pods-MarvelHeroes-frameworks.sh\"\n";
			showEnvVarsInLog = 0;
		};
		9077FC0CD07712B9676C99AF /* [CP] Check Pods Manifest.lock */ = {
			isa = PBXShellScriptBuildPhase;
			buildActionMask = 2147483647;
			files = (
			);
			inputPaths = (
			);
			name = "[CP] Check Pods Manifest.lock";
			outputPaths = (
			);
			runOnlyForDeploymentPostprocessing = 0;
			shellPath = /bin/sh;
			shellScript = "diff \"${PODS_PODFILE_DIR_PATH}/Podfile.lock\" \"${PODS_ROOT}/Manifest.lock\" > /dev/null\nif [ $? != 0 ] ; then\n    # print error to STDERR\n    echo \"error: The sandbox is not in sync with the Podfile.lock. Run 'pod install' or update your CocoaPods installation.\" >&2\n    exit 1\nfi\n";
			showEnvVarsInLog = 0;
		};
		93CAD57AD5BEC264FC9FD595 /* [CP] Copy Pods Resources */ = {
			isa = PBXShellScriptBuildPhase;
			buildActionMask = 2147483647;
			files = (
			);
			inputPaths = (
			);
			name = "[CP] Copy Pods Resources";
			outputPaths = (
			);
			runOnlyForDeploymentPostprocessing = 0;
			shellPath = /bin/sh;
			shellScript = "\"${SRCROOT}/Pods/Target Support Files/Pods-MarvelHeroes/Pods-MarvelHeroes-resources.sh\"\n";
			showEnvVarsInLog = 0;
		};
/* End PBXShellScriptBuildPhase section */

/* Begin PBXSourcesBuildPhase section */
		8BFEF4C21ED2067400D407DD /* Sources */ = {
			isa = PBXSourcesBuildPhase;
			buildActionMask = 2147483647;
			files = (
				8BFEF4CC1ED2067400D407DD /* ViewController.swift in Sources */,
				8BFEF4E01ED20B1E00D407DD /* HeroesService.swift in Sources */,
				8BFEF4CA1ED2067400D407DD /* AppDelegate.swift in Sources */,
				8BFEF4D21ED2067400D407DD /* MarvelHeroes.xcdatamodeld in Sources */,
			);
			runOnlyForDeploymentPostprocessing = 0;
		};
/* End PBXSourcesBuildPhase section */

/* Begin PBXVariantGroup section */
		8BFEF4CD1ED2067400D407DD /* Main.storyboard */ = {
			isa = PBXVariantGroup;
			children = (
				8BFEF4CE1ED2067400D407DD /* Base */,
			);
			name = Main.storyboard;
			sourceTree = "<group>";
		};
		8BFEF4D51ED2067400D407DD /* LaunchScreen.storyboard */ = {
			isa = PBXVariantGroup;
			children = (
				8BFEF4D61ED2067400D407DD /* Base */,
			);
			name = LaunchScreen.storyboard;
			sourceTree = "<group>";
		};
/* End PBXVariantGroup section */

/* Begin XCBuildConfiguration section */
		8BFEF4D91ED2067400D407DD /* Debug */ = {
			isa = XCBuildConfiguration;
			buildSettings = {
				ALWAYS_SEARCH_USER_PATHS = NO;
				CLANG_ANALYZER_NONNULL = YES;
				CLANG_CXX_LANGUAGE_STANDARD = "gnu++0x";
				CLANG_CXX_LIBRARY = "libc++";
				CLANG_ENABLE_MODULES = YES;
				CLANG_ENABLE_OBJC_ARC = YES;
				CLANG_WARN_BOOL_CONVERSION = YES;
				CLANG_WARN_CONSTANT_CONVERSION = YES;
				CLANG_WARN_DIRECT_OBJC_ISA_USAGE = YES_ERROR;
				CLANG_WARN_DOCUMENTATION_COMMENTS = YES;
				CLANG_WARN_EMPTY_BODY = YES;
				CLANG_WARN_ENUM_CONVERSION = YES;
				CLANG_WARN_INFINITE_RECURSION = YES;
				CLANG_WARN_INT_CONVERSION = YES;
				CLANG_WARN_OBJC_ROOT_CLASS = YES_ERROR;
				CLANG_WARN_SUSPICIOUS_MOVE = YES;
				CLANG_WARN_UNREACHABLE_CODE = YES;
				CLANG_WARN__DUPLICATE_METHOD_MATCH = YES;
				"CODE_SIGN_IDENTITY[sdk=iphoneos*]" = "iPhone Developer";
				COPY_PHASE_STRIP = NO;
				DEBUG_INFORMATION_FORMAT = dwarf;
				ENABLE_STRICT_OBJC_MSGSEND = YES;
				ENABLE_TESTABILITY = YES;
				GCC_C_LANGUAGE_STANDARD = gnu99;
				GCC_DYNAMIC_NO_PIC = NO;
				GCC_NO_COMMON_BLOCKS = YES;
				GCC_OPTIMIZATION_LEVEL = 0;
				GCC_PREPROCESSOR_DEFINITIONS = (
					"DEBUG=1",
					"$(inherited)",
				);
				GCC_WARN_64_TO_32_BIT_CONVERSION = YES;
				GCC_WARN_ABOUT_RETURN_TYPE = YES_ERROR;
				GCC_WARN_UNDECLARED_SELECTOR = YES;
				GCC_WARN_UNINITIALIZED_AUTOS = YES_AGGRESSIVE;
				GCC_WARN_UNUSED_FUNCTION = YES;
				GCC_WARN_UNUSED_VARIABLE = YES;
				IPHONEOS_DEPLOYMENT_TARGET = 10.2;
				MTL_ENABLE_DEBUG_INFO = YES;
				ONLY_ACTIVE_ARCH = YES;
				SDKROOT = iphoneos;
				SWIFT_ACTIVE_COMPILATION_CONDITIONS = DEBUG;
				SWIFT_OPTIMIZATION_LEVEL = "-Onone";
			};
			name = Debug;
		};
		8BFEF4DA1ED2067400D407DD /* Release */ = {
			isa = XCBuildConfiguration;
			buildSettings = {
				ALWAYS_SEARCH_USER_PATHS = NO;
				CLANG_ANALYZER_NONNULL = YES;
				CLANG_CXX_LANGUAGE_STANDARD = "gnu++0x";
				CLANG_CXX_LIBRARY = "libc++";
				CLANG_ENABLE_MODULES = YES;
				CLANG_ENABLE_OBJC_ARC = YES;
				CLANG_WARN_BOOL_CONVERSION = YES;
				CLANG_WARN_CONSTANT_CONVERSION = YES;
				CLANG_WARN_DIRECT_OBJC_ISA_USAGE = YES_ERROR;
				CLANG_WARN_DOCUMENTATION_COMMENTS = YES;
				CLANG_WARN_EMPTY_BODY = YES;
				CLANG_WARN_ENUM_CONVERSION = YES;
				CLANG_WARN_INFINITE_RECURSION = YES;
				CLANG_WARN_INT_CONVERSION = YES;
				CLANG_WARN_OBJC_ROOT_CLASS = YES_ERROR;
				CLANG_WARN_SUSPICIOUS_MOVE = YES;
				CLANG_WARN_UNREACHABLE_CODE = YES;
				CLANG_WARN__DUPLICATE_METHOD_MATCH = YES;
				"CODE_SIGN_IDENTITY[sdk=iphoneos*]" = "iPhone Developer";
				COPY_PHASE_STRIP = NO;
				DEBUG_INFORMATION_FORMAT = "dwarf-with-dsym";
				ENABLE_NS_ASSERTIONS = NO;
				ENABLE_STRICT_OBJC_MSGSEND = YES;
				GCC_C_LANGUAGE_STANDARD = gnu99;
				GCC_NO_COMMON_BLOCKS = YES;
				GCC_WARN_64_TO_32_BIT_CONVERSION = YES;
				GCC_WARN_ABOUT_RETURN_TYPE = YES_ERROR;
				GCC_WARN_UNDECLARED_SELECTOR = YES;
				GCC_WARN_UNINITIALIZED_AUTOS = YES_AGGRESSIVE;
				GCC_WARN_UNUSED_FUNCTION = YES;
				GCC_WARN_UNUSED_VARIABLE = YES;
				IPHONEOS_DEPLOYMENT_TARGET = 10.2;
				MTL_ENABLE_DEBUG_INFO = NO;
				SDKROOT = iphoneos;
				SWIFT_OPTIMIZATION_LEVEL = "-Owholemodule";
				VALIDATE_PRODUCT = YES;
			};
			name = Release;
		};
		8BFEF4DC1ED2067400D407DD /* Debug */ = {
			isa = XCBuildConfiguration;
			baseConfigurationReference = E96FBF30894F4AE39224293D /* Pods-MarvelHeroes.debug.xcconfig */;
			buildSettings = {
				ASSETCATALOG_COMPILER_APPICON_NAME = AppIcon;
				DEVELOPMENT_TEAM = 65883K39JU;
				INFOPLIST_FILE = MarvelHeroes/Info.plist;
				LD_RUNPATH_SEARCH_PATHS = "$(inherited) @executable_path/Frameworks";
				PRODUCT_BUNDLE_IDENTIFIER = ainaCuxart.MarvelHeroes;
				PRODUCT_NAME = "$(TARGET_NAME)";
				SWIFT_VERSION = 3.0;
			};
			name = Debug;
		};
		8BFEF4DD1ED2067400D407DD /* Release */ = {
			isa = XCBuildConfiguration;
			baseConfigurationReference = D1826AAED7A9E80CE78A9ECE /* Pods-MarvelHeroes.release.xcconfig */;
			buildSettings = {
				ASSETCATALOG_COMPILER_APPICON_NAME = AppIcon;
				DEVELOPMENT_TEAM = 65883K39JU;
				INFOPLIST_FILE = MarvelHeroes/Info.plist;
				LD_RUNPATH_SEARCH_PATHS = "$(inherited) @executable_path/Frameworks";
				PRODUCT_BUNDLE_IDENTIFIER = ainaCuxart.MarvelHeroes;
				PRODUCT_NAME = "$(TARGET_NAME)";
				SWIFT_VERSION = 3.0;
			};
			name = Release;
		};
/* End XCBuildConfiguration section */

/* Begin XCConfigurationList section */
		8BFEF4C11ED2067300D407DD /* Build configuration list for PBXProject "MarvelHeroes" */ = {
			isa = XCConfigurationList;
			buildConfigurations = (
				8BFEF4D91ED2067400D407DD /* Debug */,
				8BFEF4DA1ED2067400D407DD /* Release */,
			);
			defaultConfigurationIsVisible = 0;
			defaultConfigurationName = Release;
		};
		8BFEF4DB1ED2067400D407DD /* Build configuration list for PBXNativeTarget "MarvelHeroes" */ = {
			isa = XCConfigurationList;
			buildConfigurations = (
				8BFEF4DC1ED2067400D407DD /* Debug */,
				8BFEF4DD1ED2067400D407DD /* Release */,
			);
			defaultConfigurationIsVisible = 0;
			defaultConfigurationName = Release;
		};
/* End XCConfigurationList section */

/* Begin XCVersionGroup section */
		8BFEF4D01ED2067400D407DD /* MarvelHeroes.xcdatamodeld */ = {
			isa = XCVersionGroup;
			children = (
				8BFEF4D11ED2067400D407DD /* MarvelHeroes.xcdatamodel */,
			);
			currentVersion = 8BFEF4D11ED2067400D407DD /* MarvelHeroes.xcdatamodel */;
			path = MarvelHeroes.xcdatamodeld;
			sourceTree = "<group>";
			versionGroupType = wrapper.xcdatamodel;
		};
/* End XCVersionGroup section */
	};
	rootObject = 8BFEF4BE1ED2067300D407DD /* Project object */;
}
